// !$*UTF8*$!
{
	archiveVersion = 1;
	classes = {
	};
	objectVersion = 56;
	objects = {

/* Begin PBXBuildFile section */
		6BF077822CE2E2A5003D348D /* AppDelegate.swift in Sources */ = {isa = PBXBuildFile; fileRef = 6BF077812CE2E2A5003D348D /* AppDelegate.swift */; };
		6BF077842CE2E2A5003D348D /* SceneDelegate.swift in Sources */ = {isa = PBXBuildFile; fileRef = 6BF077832CE2E2A5003D348D /* SceneDelegate.swift */; };
		6BF077892CE2E2A5003D348D /* Base in Resources */ = {isa = PBXBuildFile; fileRef = 6BF077882CE2E2A5003D348D /* Base */; };
		6BF0778B2CE2E2A7003D348D /* Assets.xcassets in Resources */ = {isa = PBXBuildFile; fileRef = 6BF0778A2CE2E2A7003D348D /* Assets.xcassets */; };
		6BF0778E2CE2E2A7003D348D /* Base in Resources */ = {isa = PBXBuildFile; fileRef = 6BF0778D2CE2E2A7003D348D /* Base */; };
		6BF077992CE2E2A8003D348D /* MVVMArchitectureTests.swift in Sources */ = {isa = PBXBuildFile; fileRef = 6BF077982CE2E2A8003D348D /* MVVMArchitectureTests.swift */; };
		6BF077A32CE2E2A8003D348D /* MVVMArchitectureUITests.swift in Sources */ = {isa = PBXBuildFile; fileRef = 6BF077A22CE2E2A8003D348D /* MVVMArchitectureUITests.swift */; };
		6BF077A52CE2E2A8003D348D /* MVVMArchitectureUITestsLaunchTests.swift in Sources */ = {isa = PBXBuildFile; fileRef = 6BF077A42CE2E2A8003D348D /* MVVMArchitectureUITestsLaunchTests.swift */; };
		6BF077B52CE2E31A003D348D /* TodoModel.swift in Sources */ = {isa = PBXBuildFile; fileRef = 6BF077B42CE2E31A003D348D /* TodoModel.swift */; };
		6BF077B72CE2E40A003D348D /* TodoViewController.swift in Sources */ = {isa = PBXBuildFile; fileRef = 6BF077B62CE2E40A003D348D /* TodoViewController.swift */; };
		6BF077BA2CE2E753003D348D /* TodoCollectionViewListCell.swift in Sources */ = {isa = PBXBuildFile; fileRef = 6BF077B92CE2E753003D348D /* TodoCollectionViewListCell.swift */; };
		6BF077BD2CE2E948003D348D /* Constants.swift in Sources */ = {isa = PBXBuildFile; fileRef = 6BF077BC2CE2E948003D348D /* Constants.swift */; };
		6BF077C02CE41BBE003D348D /* HeaderCollectionReusableView.swift in Sources */ = {isa = PBXBuildFile; fileRef = 6BF077BF2CE41BBE003D348D /* HeaderCollectionReusableView.swift */; };
		6BF077C42CE422BD003D348D /* TodoNetworkService.swift in Sources */ = {isa = PBXBuildFile; fileRef = 6BF077C32CE422BD003D348D /* TodoNetworkService.swift */; };
		6BF077C62CE424F2003D348D /* TodoNetworkError.swift in Sources */ = {isa = PBXBuildFile; fileRef = 6BF077C52CE424F2003D348D /* TodoNetworkError.swift */; };
		6BF077C82CE42526003D348D /* TodoViewModel.swift in Sources */ = {isa = PBXBuildFile; fileRef = 6BF077C72CE42526003D348D /* TodoViewModel.swift */; };
/* End PBXBuildFile section */

/* Begin PBXContainerItemProxy section */
		6BF077952CE2E2A8003D348D /* PBXContainerItemProxy */ = {
			isa = PBXContainerItemProxy;
			containerPortal = 6BF077762CE2E2A5003D348D /* Project object */;
			proxyType = 1;
			remoteGlobalIDString = 6BF0777D2CE2E2A5003D348D;
			remoteInfo = MVVMArchitecture;
		};
		6BF0779F2CE2E2A8003D348D /* PBXContainerItemProxy */ = {
			isa = PBXContainerItemProxy;
			containerPortal = 6BF077762CE2E2A5003D348D /* Project object */;
			proxyType = 1;
			remoteGlobalIDString = 6BF0777D2CE2E2A5003D348D;
			remoteInfo = MVVMArchitecture;
		};
/* End PBXContainerItemProxy section */

/* Begin PBXFileReference section */
		6BF0777E2CE2E2A5003D348D /* MVVMArchitecture.app */ = {isa = PBXFileReference; explicitFileType = wrapper.application; includeInIndex = 0; path = MVVMArchitecture.app; sourceTree = BUILT_PRODUCTS_DIR; };
		6BF077812CE2E2A5003D348D /* AppDelegate.swift */ = {isa = PBXFileReference; lastKnownFileType = sourcecode.swift; path = AppDelegate.swift; sourceTree = "<group>"; };
		6BF077832CE2E2A5003D348D /* SceneDelegate.swift */ = {isa = PBXFileReference; lastKnownFileType = sourcecode.swift; path = SceneDelegate.swift; sourceTree = "<group>"; };
		6BF077882CE2E2A5003D348D /* Base */ = {isa = PBXFileReference; lastKnownFileType = file.storyboard; name = Base; path = Base.lproj/Main.storyboard; sourceTree = "<group>"; };
		6BF0778A2CE2E2A7003D348D /* Assets.xcassets */ = {isa = PBXFileReference; lastKnownFileType = folder.assetcatalog; path = Assets.xcassets; sourceTree = "<group>"; };
		6BF0778D2CE2E2A7003D348D /* Base */ = {isa = PBXFileReference; lastKnownFileType = file.storyboard; name = Base; path = Base.lproj/LaunchScreen.storyboard; sourceTree = "<group>"; };
		6BF0778F2CE2E2A7003D348D /* Info.plist */ = {isa = PBXFileReference; lastKnownFileType = text.plist.xml; path = Info.plist; sourceTree = "<group>"; };
		6BF077942CE2E2A8003D348D /* MVVMArchitectureTests.xctest */ = {isa = PBXFileReference; explicitFileType = wrapper.cfbundle; includeInIndex = 0; path = MVVMArchitectureTests.xctest; sourceTree = BUILT_PRODUCTS_DIR; };
		6BF077982CE2E2A8003D348D /* MVVMArchitectureTests.swift */ = {isa = PBXFileReference; lastKnownFileType = sourcecode.swift; path = MVVMArchitectureTests.swift; sourceTree = "<group>"; };
		6BF0779E2CE2E2A8003D348D /* MVVMArchitectureUITests.xctest */ = {isa = PBXFileReference; explicitFileType = wrapper.cfbundle; includeInIndex = 0; path = MVVMArchitectureUITests.xctest; sourceTree = BUILT_PRODUCTS_DIR; };
		6BF077A22CE2E2A8003D348D /* MVVMArchitectureUITests.swift */ = {isa = PBXFileReference; lastKnownFileType = sourcecode.swift; path = MVVMArchitectureUITests.swift; sourceTree = "<group>"; };
		6BF077A42CE2E2A8003D348D /* MVVMArchitectureUITestsLaunchTests.swift */ = {isa = PBXFileReference; lastKnownFileType = sourcecode.swift; path = MVVMArchitectureUITestsLaunchTests.swift; sourceTree = "<group>"; };
		6BF077B42CE2E31A003D348D /* TodoModel.swift */ = {isa = PBXFileReference; lastKnownFileType = sourcecode.swift; path = TodoModel.swift; sourceTree = "<group>"; };
		6BF077B62CE2E40A003D348D /* TodoViewController.swift */ = {isa = PBXFileReference; lastKnownFileType = sourcecode.swift; path = TodoViewController.swift; sourceTree = "<group>"; };
		6BF077B92CE2E753003D348D /* TodoCollectionViewListCell.swift */ = {isa = PBXFileReference; lastKnownFileType = sourcecode.swift; path = TodoCollectionViewListCell.swift; sourceTree = "<group>"; };
		6BF077BC2CE2E948003D348D /* Constants.swift */ = {isa = PBXFileReference; lastKnownFileType = sourcecode.swift; path = Constants.swift; sourceTree = "<group>"; };
		6BF077BF2CE41BBE003D348D /* HeaderCollectionReusableView.swift */ = {isa = PBXFileReference; lastKnownFileType = sourcecode.swift; path = HeaderCollectionReusableView.swift; sourceTree = "<group>"; };
		6BF077C32CE422BD003D348D /* TodoNetworkService.swift */ = {isa = PBXFileReference; lastKnownFileType = sourcecode.swift; path = TodoNetworkService.swift; sourceTree = "<group>"; };
		6BF077C52CE424F2003D348D /* TodoNetworkError.swift */ = {isa = PBXFileReference; lastKnownFileType = sourcecode.swift; path = TodoNetworkError.swift; sourceTree = "<group>"; };
		6BF077C72CE42526003D348D /* TodoViewModel.swift */ = {isa = PBXFileReference; lastKnownFileType = sourcecode.swift; path = TodoViewModel.swift; sourceTree = "<group>"; };
/* End PBXFileReference section */

/* Begin PBXFrameworksBuildPhase section */
		6BF0777B2CE2E2A5003D348D /* Frameworks */ = {
			isa = PBXFrameworksBuildPhase;
			buildActionMask = 2147483647;
			files = (
			);
			runOnlyForDeploymentPostprocessing = 0;
		};
		6BF077912CE2E2A8003D348D /* Frameworks */ = {
			isa = PBXFrameworksBuildPhase;
			buildActionMask = 2147483647;
			files = (
			);
			runOnlyForDeploymentPostprocessing = 0;
		};
		6BF0779B2CE2E2A8003D348D /* Frameworks */ = {
			isa = PBXFrameworksBuildPhase;
			buildActionMask = 2147483647;
			files = (
			);
			runOnlyForDeploymentPostprocessing = 0;
		};
/* End PBXFrameworksBuildPhase section */

/* Begin PBXGroup section */
		6BF077752CE2E2A5003D348D = {
			isa = PBXGroup;
			children = (
				6BF077802CE2E2A5003D348D /* MVVMArchitecture */,
				6BF077972CE2E2A8003D348D /* MVVMArchitectureTests */,
				6BF077A12CE2E2A8003D348D /* MVVMArchitectureUITests */,
				6BF0777F2CE2E2A5003D348D /* Products */,
			);
			sourceTree = "<group>";
		};
		6BF0777F2CE2E2A5003D348D /* Products */ = {
			isa = PBXGroup;
			children = (
				6BF0777E2CE2E2A5003D348D /* MVVMArchitecture.app */,
				6BF077942CE2E2A8003D348D /* MVVMArchitectureTests.xctest */,
				6BF0779E2CE2E2A8003D348D /* MVVMArchitectureUITests.xctest */,
			);
			name = Products;
			sourceTree = "<group>";
		};
		6BF077802CE2E2A5003D348D /* MVVMArchitecture */ = {
			isa = PBXGroup;
			children = (
				6BF077C22CE4229C003D348D /* ServiceHelper */,
				6BF077BB2CE2E936003D348D /* Constants */,
				6BF077B32CE2E2C8003D348D /* ViewModel */,
				6BF077B22CE2E2C2003D348D /* View */,
				6BF077B12CE2E2BD003D348D /* Model */,
				6BF077812CE2E2A5003D348D /* AppDelegate.swift */,
				6BF077832CE2E2A5003D348D /* SceneDelegate.swift */,
				6BF077872CE2E2A5003D348D /* Main.storyboard */,
				6BF0778A2CE2E2A7003D348D /* Assets.xcassets */,
				6BF0778C2CE2E2A7003D348D /* LaunchScreen.storyboard */,
				6BF0778F2CE2E2A7003D348D /* Info.plist */,
			);
			path = MVVMArchitecture;
			sourceTree = "<group>";
		};
		6BF077972CE2E2A8003D348D /* MVVMArchitectureTests */ = {
			isa = PBXGroup;
			children = (
				6BF077982CE2E2A8003D348D /* MVVMArchitectureTests.swift */,
			);
			path = MVVMArchitectureTests;
			sourceTree = "<group>";
		};
		6BF077A12CE2E2A8003D348D /* MVVMArchitectureUITests */ = {
			isa = PBXGroup;
			children = (
				6BF077A22CE2E2A8003D348D /* MVVMArchitectureUITests.swift */,
				6BF077A42CE2E2A8003D348D /* MVVMArchitectureUITestsLaunchTests.swift */,
			);
			path = MVVMArchitectureUITests;
			sourceTree = "<group>";
		};
		6BF077B12CE2E2BD003D348D /* Model */ = {
			isa = PBXGroup;
			children = (
				6BF077B42CE2E31A003D348D /* TodoModel.swift */,
			);
			path = Model;
			sourceTree = "<group>";
		};
		6BF077B22CE2E2C2003D348D /* View */ = {
			isa = PBXGroup;
			children = (
				6BF077BE2CE41BA0003D348D /* View */,
				6BF077B82CE2E6CA003D348D /* Cell */,
				6BF077B62CE2E40A003D348D /* TodoViewController.swift */,
			);
			path = View;
			sourceTree = "<group>";
		};
		6BF077B32CE2E2C8003D348D /* ViewModel */ = {
			isa = PBXGroup;
			children = (
				6BF077C72CE42526003D348D /* TodoViewModel.swift */,
			);
			path = ViewModel;
			sourceTree = "<group>";
		};
		6BF077B82CE2E6CA003D348D /* Cell */ = {
			isa = PBXGroup;
			children = (
				6BF077B92CE2E753003D348D /* TodoCollectionViewListCell.swift */,
			);
			path = Cell;
			sourceTree = "<group>";
		};
		6BF077BB2CE2E936003D348D /* Constants */ = {
			isa = PBXGroup;
			children = (
				6BF077BC2CE2E948003D348D /* Constants.swift */,
			);
			path = Constants;
			sourceTree = "<group>";
		};
		6BF077BE2CE41BA0003D348D /* View */ = {
			isa = PBXGroup;
			children = (
				6BF077BF2CE41BBE003D348D /* HeaderCollectionReusableView.swift */,
			);
			path = View;
			sourceTree = "<group>";
		};
		6BF077C22CE4229C003D348D /* ServiceHelper */ = {
			isa = PBXGroup;
			children = (
				6BF077C32CE422BD003D348D /* TodoNetworkService.swift */,
				6BF077C52CE424F2003D348D /* TodoNetworkError.swift */,
			);
			path = ServiceHelper;
			sourceTree = "<group>";
		};
/* End PBXGroup section */

/* Begin PBXNativeTarget section */
		6BF0777D2CE2E2A5003D348D /* MVVMArchitecture */ = {
			isa = PBXNativeTarget;
			buildConfigurationList = 6BF077A82CE2E2A8003D348D /* Build configuration list for PBXNativeTarget "MVVMArchitecture" */;
			buildPhases = (
				6BF0777A2CE2E2A5003D348D /* Sources */,
				6BF0777B2CE2E2A5003D348D /* Frameworks */,
				6BF0777C2CE2E2A5003D348D /* Resources */,
			);
			buildRules = (
			);
			dependencies = (
			);
			name = MVVMArchitecture;
			productName = MVVMArchitecture;
			productReference = 6BF0777E2CE2E2A5003D348D /* MVVMArchitecture.app */;
			productType = "com.apple.product-type.application";
		};
		6BF077932CE2E2A8003D348D /* MVVMArchitectureTests */ = {
			isa = PBXNativeTarget;
			buildConfigurationList = 6BF077AB2CE2E2A8003D348D /* Build configuration list for PBXNativeTarget "MVVMArchitectureTests" */;
			buildPhases = (
				6BF077902CE2E2A8003D348D /* Sources */,
				6BF077912CE2E2A8003D348D /* Frameworks */,
				6BF077922CE2E2A8003D348D /* Resources */,
			);
			buildRules = (
			);
			dependencies = (
				6BF077962CE2E2A8003D348D /* PBXTargetDependency */,
			);
			name = MVVMArchitectureTests;
			productName = MVVMArchitectureTests;
			productReference = 6BF077942CE2E2A8003D348D /* MVVMArchitectureTests.xctest */;
			productType = "com.apple.product-type.bundle.unit-test";
		};
		6BF0779D2CE2E2A8003D348D /* MVVMArchitectureUITests */ = {
			isa = PBXNativeTarget;
			buildConfigurationList = 6BF077AE2CE2E2A8003D348D /* Build configuration list for PBXNativeTarget "MVVMArchitectureUITests" */;
			buildPhases = (
				6BF0779A2CE2E2A8003D348D /* Sources */,
				6BF0779B2CE2E2A8003D348D /* Frameworks */,
				6BF0779C2CE2E2A8003D348D /* Resources */,
			);
			buildRules = (
			);
			dependencies = (
				6BF077A02CE2E2A8003D348D /* PBXTargetDependency */,
			);
			name = MVVMArchitectureUITests;
			productName = MVVMArchitectureUITests;
			productReference = 6BF0779E2CE2E2A8003D348D /* MVVMArchitectureUITests.xctest */;
			productType = "com.apple.product-type.bundle.ui-testing";
		};
/* End PBXNativeTarget section */

/* Begin PBXProject section */
		6BF077762CE2E2A5003D348D /* Project object */ = {
			isa = PBXProject;
			attributes = {
				BuildIndependentTargetsInParallel = 1;
				LastSwiftUpdateCheck = 1540;
				LastUpgradeCheck = 1540;
				TargetAttributes = {
					6BF0777D2CE2E2A5003D348D = {
						CreatedOnToolsVersion = 15.4;
					};
					6BF077932CE2E2A8003D348D = {
						CreatedOnToolsVersion = 15.4;
						TestTargetID = 6BF0777D2CE2E2A5003D348D;
					};
					6BF0779D2CE2E2A8003D348D = {
						CreatedOnToolsVersion = 15.4;
						TestTargetID = 6BF0777D2CE2E2A5003D348D;
					};
				};
			};
			buildConfigurationList = 6BF077792CE2E2A5003D348D /* Build configuration list for PBXProject "MVVMArchitecture" */;
			compatibilityVersion = "Xcode 14.0";
			developmentRegion = en;
			hasScannedForEncodings = 0;
			knownRegions = (
				en,
				Base,
			);
			mainGroup = 6BF077752CE2E2A5003D348D;
			productRefGroup = 6BF0777F2CE2E2A5003D348D /* Products */;
			projectDirPath = "";
			projectRoot = "";
			targets = (
				6BF0777D2CE2E2A5003D348D /* MVVMArchitecture */,
				6BF077932CE2E2A8003D348D /* MVVMArchitectureTests */,
				6BF0779D2CE2E2A8003D348D /* MVVMArchitectureUITests */,
			);
		};
/* End PBXProject section */

/* Begin PBXResourcesBuildPhase section */
		6BF0777C2CE2E2A5003D348D /* Resources */ = {
			isa = PBXResourcesBuildPhase;
			buildActionMask = 2147483647;
			files = (
				6BF0778B2CE2E2A7003D348D /* Assets.xcassets in Resources */,
				6BF0778E2CE2E2A7003D348D /* Base in Resources */,
				6BF077892CE2E2A5003D348D /* Base in Resources */,
			);
			runOnlyForDeploymentPostprocessing = 0;
		};
		6BF077922CE2E2A8003D348D /* Resources */ = {
			isa = PBXResourcesBuildPhase;
			buildActionMask = 2147483647;
			files = (
			);
			runOnlyForDeploymentPostprocessing = 0;
		};
		6BF0779C2CE2E2A8003D348D /* Resources */ = {
			isa = PBXResourcesBuildPhase;
			buildActionMask = 2147483647;
			files = (
			);
			runOnlyForDeploymentPostprocessing = 0;
		};
/* End PBXResourcesBuildPhase section */

/* Begin PBXSourcesBuildPhase section */
		6BF0777A2CE2E2A5003D348D /* Sources */ = {
			isa = PBXSourcesBuildPhase;
			buildActionMask = 2147483647;
			files = (
				6BF077C02CE41BBE003D348D /* HeaderCollectionReusableView.swift in Sources */,
				6BF077B72CE2E40A003D348D /* TodoViewController.swift in Sources */,
				6BF077C62CE424F2003D348D /* TodoNetworkError.swift in Sources */,
				6BF077BA2CE2E753003D348D /* TodoCollectionViewListCell.swift in Sources */,
				6BF077B52CE2E31A003D348D /* TodoModel.swift in Sources */,
				6BF077BD2CE2E948003D348D /* Constants.swift in Sources */,
				6BF077822CE2E2A5003D348D /* AppDelegate.swift in Sources */,
				6BF077C42CE422BD003D348D /* TodoNetworkService.swift in Sources */,
				6BF077C82CE42526003D348D /* TodoViewModel.swift in Sources */,
				6BF077842CE2E2A5003D348D /* SceneDelegate.swift in Sources */,
			);
			runOnlyForDeploymentPostprocessing = 0;
		};
		6BF077902CE2E2A8003D348D /* Sources */ = {
			isa = PBXSourcesBuildPhase;
			buildActionMask = 2147483647;
			files = (
				6BF077992CE2E2A8003D348D /* MVVMArchitectureTests.swift in Sources */,
			);
			runOnlyForDeploymentPostprocessing = 0;
		};
		6BF0779A2CE2E2A8003D348D /* Sources */ = {
			isa = PBXSourcesBuildPhase;
			buildActionMask = 2147483647;
			files = (
				6BF077A32CE2E2A8003D348D /* MVVMArchitectureUITests.swift in Sources */,
				6BF077A52CE2E2A8003D348D /* MVVMArchitectureUITestsLaunchTests.swift in Sources */,
			);
			runOnlyForDeploymentPostprocessing = 0;
		};
/* End PBXSourcesBuildPhase section */

/* Begin PBXTargetDependency section */
		6BF077962CE2E2A8003D348D /* PBXTargetDependency */ = {
			isa = PBXTargetDependency;
			target = 6BF0777D2CE2E2A5003D348D /* MVVMArchitecture */;
			targetProxy = 6BF077952CE2E2A8003D348D /* PBXContainerItemProxy */;
		};
		6BF077A02CE2E2A8003D348D /* PBXTargetDependency */ = {
			isa = PBXTargetDependency;
			target = 6BF0777D2CE2E2A5003D348D /* MVVMArchitecture */;
			targetProxy = 6BF0779F2CE2E2A8003D348D /* PBXContainerItemProxy */;
		};
/* End PBXTargetDependency section */

/* Begin PBXVariantGroup section */
		6BF077872CE2E2A5003D348D /* Main.storyboard */ = {
			isa = PBXVariantGroup;
			children = (
				6BF077882CE2E2A5003D348D /* Base */,
			);
			name = Main.storyboard;
			sourceTree = "<group>";
		};
		6BF0778C2CE2E2A7003D348D /* LaunchScreen.storyboard */ = {
			isa = PBXVariantGroup;
			children = (
				6BF0778D2CE2E2A7003D348D /* Base */,
			);
			name = LaunchScreen.storyboard;
			sourceTree = "<group>";
		};
/* End PBXVariantGroup section */

/* Begin XCBuildConfiguration section */
		6BF077A62CE2E2A8003D348D /* Debug */ = {
			isa = XCBuildConfiguration;
			buildSettings = {
				ALWAYS_SEARCH_USER_PATHS = NO;
				ASSETCATALOG_COMPILER_GENERATE_SWIFT_ASSET_SYMBOL_EXTENSIONS = YES;
				CLANG_ANALYZER_NONNULL = YES;
				CLANG_ANALYZER_NUMBER_OBJECT_CONVERSION = YES_AGGRESSIVE;
				CLANG_CXX_LANGUAGE_STANDARD = "gnu++20";
				CLANG_ENABLE_MODULES = YES;
				CLANG_ENABLE_OBJC_ARC = YES;
				CLANG_ENABLE_OBJC_WEAK = YES;
				CLANG_WARN_BLOCK_CAPTURE_AUTORELEASING = YES;
				CLANG_WARN_BOOL_CONVERSION = YES;
				CLANG_WARN_COMMA = YES;
				CLANG_WARN_CONSTANT_CONVERSION = YES;
				CLANG_WARN_DEPRECATED_OBJC_IMPLEMENTATIONS = YES;
				CLANG_WARN_DIRECT_OBJC_ISA_USAGE = YES_ERROR;
				CLANG_WARN_DOCUMENTATION_COMMENTS = YES;
				CLANG_WARN_EMPTY_BODY = YES;
				CLANG_WARN_ENUM_CONVERSION = YES;
				CLANG_WARN_INFINITE_RECURSION = YES;
				CLANG_WARN_INT_CONVERSION = YES;
				CLANG_WARN_NON_LITERAL_NULL_CONVERSION = YES;
				CLANG_WARN_OBJC_IMPLICIT_RETAIN_SELF = YES;
				CLANG_WARN_OBJC_LITERAL_CONVERSION = YES;
				CLANG_WARN_OBJC_ROOT_CLASS = YES_ERROR;
				CLANG_WARN_QUOTED_INCLUDE_IN_FRAMEWORK_HEADER = YES;
				CLANG_WARN_RANGE_LOOP_ANALYSIS = YES;
				CLANG_WARN_STRICT_PROTOTYPES = YES;
				CLANG_WARN_SUSPICIOUS_MOVE = YES;
				CLANG_WARN_UNGUARDED_AVAILABILITY = YES_AGGRESSIVE;
				CLANG_WARN_UNREACHABLE_CODE = YES;
				CLANG_WARN__DUPLICATE_METHOD_MATCH = YES;
				COPY_PHASE_STRIP = NO;
				DEBUG_INFORMATION_FORMAT = dwarf;
				ENABLE_STRICT_OBJC_MSGSEND = YES;
				ENABLE_TESTABILITY = YES;
				ENABLE_USER_SCRIPT_SANDBOXING = YES;
				GCC_C_LANGUAGE_STANDARD = gnu17;
				GCC_DYNAMIC_NO_PIC = NO;
				GCC_NO_COMMON_BLOCKS = YES;
				GCC_OPTIMIZATION_LEVEL = 0;
				GCC_PREPROCESSOR_DEFINITIONS = (
					"DEBUG=1",
					"$(inherited)",
				);
				GCC_WARN_64_TO_32_BIT_CONVERSION = YES;
				GCC_WARN_ABOUT_RETURN_TYPE = YES_ERROR;
				GCC_WARN_UNDECLARED_SELECTOR = YES;
				GCC_WARN_UNINITIALIZED_AUTOS = YES_AGGRESSIVE;
				GCC_WARN_UNUSED_FUNCTION = YES;
				GCC_WARN_UNUSED_VARIABLE = YES;
				IPHONEOS_DEPLOYMENT_TARGET = 17.5;
				LOCALIZATION_PREFERS_STRING_CATALOGS = YES;
				MTL_ENABLE_DEBUG_INFO = INCLUDE_SOURCE;
				MTL_FAST_MATH = YES;
				ONLY_ACTIVE_ARCH = YES;
				SDKROOT = iphoneos;
				SWIFT_ACTIVE_COMPILATION_CONDITIONS = "DEBUG $(inherited)";
				SWIFT_OPTIMIZATION_LEVEL = "-Onone";
			};
			name = Debug;
		};
		6BF077A72CE2E2A8003D348D /* Release */ = {
			isa = XCBuildConfiguration;
			buildSettings = {
				ALWAYS_SEARCH_USER_PATHS = NO;
				ASSETCATALOG_COMPILER_GENERATE_SWIFT_ASSET_SYMBOL_EXTENSIONS = YES;
				CLANG_ANALYZER_NONNULL = YES;
				CLANG_ANALYZER_NUMBER_OBJECT_CONVERSION = YES_AGGRESSIVE;
				CLANG_CXX_LANGUAGE_STANDARD = "gnu++20";
				CLANG_ENABLE_MODULES = YES;
				CLANG_ENABLE_OBJC_ARC = YES;
				CLANG_ENABLE_OBJC_WEAK = YES;
				CLANG_WARN_BLOCK_CAPTURE_AUTORELEASING = YES;
				CLANG_WARN_BOOL_CONVERSION = YES;
				CLANG_WARN_COMMA = YES;
				CLANG_WARN_CONSTANT_CONVERSION = YES;
				CLANG_WARN_DEPRECATED_OBJC_IMPLEMENTATIONS = YES;
				CLANG_WARN_DIRECT_OBJC_ISA_USAGE = YES_ERROR;
				CLANG_WARN_DOCUMENTATION_COMMENTS = YES;
				CLANG_WARN_EMPTY_BODY = YES;
				CLANG_WARN_ENUM_CONVERSION = YES;
				CLANG_WARN_INFINITE_RECURSION = YES;
				CLANG_WARN_INT_CONVERSION = YES;
				CLANG_WARN_NON_LITERAL_NULL_CONVERSION = YES;
				CLANG_WARN_OBJC_IMPLICIT_RETAIN_SELF = YES;
				CLANG_WARN_OBJC_LITERAL_CONVERSION = YES;
				CLANG_WARN_OBJC_ROOT_CLASS = YES_ERROR;
				CLANG_WARN_QUOTED_INCLUDE_IN_FRAMEWORK_HEADER = YES;
				CLANG_WARN_RANGE_LOOP_ANALYSIS = YES;
				CLANG_WARN_STRICT_PROTOTYPES = YES;
				CLANG_WARN_SUSPICIOUS_MOVE = YES;
				CLANG_WARN_UNGUARDED_AVAILABILITY = YES_AGGRESSIVE;
				CLANG_WARN_UNREACHABLE_CODE = YES;
				CLANG_WARN__DUPLICATE_METHOD_MATCH = YES;
				COPY_PHASE_STRIP = NO;
				DEBUG_INFORMATION_FORMAT = "dwarf-with-dsym";
				ENABLE_NS_ASSERTIONS = NO;
				ENABLE_STRICT_OBJC_MSGSEND = YES;
				ENABLE_USER_SCRIPT_SANDBOXING = YES;
				GCC_C_LANGUAGE_STANDARD = gnu17;
				GCC_NO_COMMON_BLOCKS = YES;
				GCC_WARN_64_TO_32_BIT_CONVERSION = YES;
				GCC_WARN_ABOUT_RETURN_TYPE = YES_ERROR;
				GCC_WARN_UNDECLARED_SELECTOR = YES;
				GCC_WARN_UNINITIALIZED_AUTOS = YES_AGGRESSIVE;
				GCC_WARN_UNUSED_FUNCTION = YES;
				GCC_WARN_UNUSED_VARIABLE = YES;
				IPHONEOS_DEPLOYMENT_TARGET = 17.5;
				LOCALIZATION_PREFERS_STRING_CATALOGS = YES;
				MTL_ENABLE_DEBUG_INFO = NO;
				MTL_FAST_MATH = YES;
				SDKROOT = iphoneos;
				SWIFT_COMPILATION_MODE = wholemodule;
				VALIDATE_PRODUCT = YES;
			};
			name = Release;
		};
		6BF077A92CE2E2A8003D348D /* Debug */ = {
			isa = XCBuildConfiguration;
			buildSettings = {
				ASSETCATALOG_COMPILER_APPICON_NAME = AppIcon;
				ASSETCATALOG_COMPILER_GLOBAL_ACCENT_COLOR_NAME = AccentColor;
				CODE_SIGN_STYLE = Automatic;
				CURRENT_PROJECT_VERSION = 1;
				GENERATE_INFOPLIST_FILE = YES;
				INFOPLIST_FILE = MVVMArchitecture/Info.plist;
				INFOPLIST_KEY_UIApplicationSupportsIndirectInputEvents = YES;
				INFOPLIST_KEY_UILaunchStoryboardName = LaunchScreen;
				INFOPLIST_KEY_UIMainStoryboardFile = Main;
				INFOPLIST_KEY_UISupportedInterfaceOrientations_iPad = "UIInterfaceOrientationPortrait UIInterfaceOrientationPortraitUpsideDown UIInterfaceOrientationLandscapeLeft UIInterfaceOrientationLandscapeRight";
				INFOPLIST_KEY_UISupportedInterfaceOrientations_iPhone = "UIInterfaceOrientationPortrait UIInterfaceOrientationLandscapeLeft UIInterfaceOrientationLandscapeRight";
				LD_RUNPATH_SEARCH_PATHS = (
					"$(inherited)",
					"@executable_path/Frameworks",
				);
				MARKETING_VERSION = 1.0;
				PRODUCT_BUNDLE_IDENTIFIER = com.MVVMArchitecture.dev.MVVMArchitecture;
				PRODUCT_NAME = "$(TARGET_NAME)";
				SWIFT_EMIT_LOC_STRINGS = YES;
				SWIFT_VERSION = 5.0;
				TARGETED_DEVICE_FAMILY = "1,2";
			};
			name = Debug;
		};
		6BF077AA2CE2E2A8003D348D /* Release */ = {
			isa = XCBuildConfiguration;
			buildSettings = {
				ASSETCATALOG_COMPILER_APPICON_NAME = AppIcon;
				ASSETCATALOG_COMPILER_GLOBAL_ACCENT_COLOR_NAME = AccentColor;
				CODE_SIGN_STYLE = Automatic;
				CURRENT_PROJECT_VERSION = 1;
				GENERATE_INFOPLIST_FILE = YES;
				INFOPLIST_FILE = MVVMArchitecture/Info.plist;
				INFOPLIST_KEY_UIApplicationSupportsIndirectInputEvents = YES;
				INFOPLIST_KEY_UILaunchStoryboardName = LaunchScreen;
				INFOPLIST_KEY_UIMainStoryboardFile = Main;
				INFOPLIST_KEY_UISupportedInterfaceOrientations_iPad = "UIInterfaceOrientationPortrait UIInterfaceOrientationPortraitUpsideDown UIInterfaceOrientationLandscapeLeft UIInterfaceOrientationLandscapeRight";
				INFOPLIST_KEY_UISupportedInterfaceOrientations_iPhone = "UIInterfaceOrientationPortrait UIInterfaceOrientationLandscapeLeft UIInterfaceOrientationLandscapeRight";
				LD_RUNPATH_SEARCH_PATHS = (
					"$(inherited)",
					"@executable_path/Frameworks",
				);
				MARKETING_VERSION = 1.0;
				PRODUCT_BUNDLE_IDENTIFIER = com.MVVMArchitecture.dev.MVVMArchitecture;
				PRODUCT_NAME = "$(TARGET_NAME)";
				SWIFT_EMIT_LOC_STRINGS = YES;
				SWIFT_VERSION = 5.0;
				TARGETED_DEVICE_FAMILY = "1,2";
			};
			name = Release;
		};
		6BF077AC2CE2E2A8003D348D /* Debug */ = {
			isa = XCBuildConfiguration;
			buildSettings = {
				ALWAYS_EMBED_SWIFT_STANDARD_LIBRARIES = YES;
				BUNDLE_LOADER = "$(TEST_HOST)";
				CODE_SIGN_STYLE = Automatic;
				CURRENT_PROJECT_VERSION = 1;
				GENERATE_INFOPLIST_FILE = YES;
				IPHONEOS_DEPLOYMENT_TARGET = 17.5;
				MARKETING_VERSION = 1.0;
				PRODUCT_BUNDLE_IDENTIFIER = com.MVVMArchitecture.dev.MVVMArchitectureTests;
				PRODUCT_NAME = "$(TARGET_NAME)";
				SWIFT_EMIT_LOC_STRINGS = NO;
				SWIFT_VERSION = 5.0;
				TARGETED_DEVICE_FAMILY = "1,2";
				TEST_HOST = "$(BUILT_PRODUCTS_DIR)/MVVMArchitecture.app/$(BUNDLE_EXECUTABLE_FOLDER_PATH)/MVVMArchitecture";
			};
			name = Debug;
		};
		6BF077AD2CE2E2A8003D348D /* Release */ = {
			isa = XCBuildConfiguration;
			buildSettings = {
				ALWAYS_EMBED_SWIFT_STANDARD_LIBRARIES = YES;
				BUNDLE_LOADER = "$(TEST_HOST)";
				CODE_SIGN_STYLE = Automatic;
				CURRENT_PROJECT_VERSION = 1;
				GENERATE_INFOPLIST_FILE = YES;
				IPHONEOS_DEPLOYMENT_TARGET = 17.5;
				MARKETING_VERSION = 1.0;
				PRODUCT_BUNDLE_IDENTIFIER = com.MVVMArchitecture.dev.MVVMArchitectureTests;
				PRODUCT_NAME = "$(TARGET_NAME)";
				SWIFT_EMIT_LOC_STRINGS = NO;
				SWIFT_VERSION = 5.0;
				TARGETED_DEVICE_FAMILY = "1,2";
				TEST_HOST = "$(BUILT_PRODUCTS_DIR)/MVVMArchitecture.app/$(BUNDLE_EXECUTABLE_FOLDER_PATH)/MVVMArchitecture";
			};
			name = Release;
		};
		6BF077AF2CE2E2A8003D348D /* Debug */ = {
			isa = XCBuildConfiguration;
			buildSettings = {
				ALWAYS_EMBED_SWIFT_STANDARD_LIBRARIES = YES;
				CODE_SIGN_STYLE = Automatic;
				CURRENT_PROJECT_VERSION = 1;
				GENERATE_INFOPLIST_FILE = YES;
				MARKETING_VERSION = 1.0;
				PRODUCT_BUNDLE_IDENTIFIER = com.MVVMArchitecture.dev.MVVMArchitectureUITests;
				PRODUCT_NAME = "$(TARGET_NAME)";
				SWIFT_EMIT_LOC_STRINGS = NO;
				SWIFT_VERSION = 5.0;
				TARGETED_DEVICE_FAMILY = "1,2";
				TEST_TARGET_NAME = MVVMArchitecture;
			};
			name = Debug;
		};
		6BF077B02CE2E2A8003D348D /* Release */ = {
			isa = XCBuildConfiguration;
			buildSettings = {
				ALWAYS_EMBED_SWIFT_STANDARD_LIBRARIES = YES;
				CODE_SIGN_STYLE = Automatic;
				CURRENT_PROJECT_VERSION = 1;
				GENERATE_INFOPLIST_FILE = YES;
				MARKETING_VERSION = 1.0;
				PRODUCT_BUNDLE_IDENTIFIER = com.MVVMArchitecture.dev.MVVMArchitectureUITests;
				PRODUCT_NAME = "$(TARGET_NAME)";
				SWIFT_EMIT_LOC_STRINGS = NO;
				SWIFT_VERSION = 5.0;
				TARGETED_DEVICE_FAMILY = "1,2";
				TEST_TARGET_NAME = MVVMArchitecture;
			};
			name = Release;
		};
/* End XCBuildConfiguration section */

/* Begin XCConfigurationList section */
		6BF077792CE2E2A5003D348D /* Build configuration list for PBXProject "MVVMArchitecture" */ = {
			isa = XCConfigurationList;
			buildConfigurations = (
				6BF077A62CE2E2A8003D348D /* Debug */,
				6BF077A72CE2E2A8003D348D /* Release */,
			);
			defaultConfigurationIsVisible = 0;
			defaultConfigurationName = Release;
		};
		6BF077A82CE2E2A8003D348D /* Build configuration list for PBXNativeTarget "MVVMArchitecture" */ = {
			isa = XCConfigurationList;
			buildConfigurations = (
				6BF077A92CE2E2A8003D348D /* Debug */,
				6BF077AA2CE2E2A8003D348D /* Release */,
			);
			defaultConfigurationIsVisible = 0;
			defaultConfigurationName = Release;
		};
		6BF077AB2CE2E2A8003D348D /* Build configuration list for PBXNativeTarget "MVVMArchitectureTests" */ = {
			isa = XCConfigurationList;
			buildConfigurations = (
				6BF077AC2CE2E2A8003D348D /* Debug */,
				6BF077AD2CE2E2A8003D348D /* Release */,
			);
			defaultConfigurationIsVisible = 0;
			defaultConfigurationName = Release;
		};
		6BF077AE2CE2E2A8003D348D /* Build configuration list for PBXNativeTarget "MVVMArchitectureUITests" */ = {
			isa = XCConfigurationList;
			buildConfigurations = (
				6BF077AF2CE2E2A8003D348D /* Debug */,
				6BF077B02CE2E2A8003D348D /* Release */,
			);
			defaultConfigurationIsVisible = 0;
			defaultConfigurationName = Release;
		};
/* End XCConfigurationList section */
	};
	rootObject = 6BF077762CE2E2A5003D348D /* Project object */;
}
